// !$*UTF8*$!
{
	archiveVersion = 1;
	classes = {
	};
	objectVersion = 56;
	objects = {

/* Begin PBXBuildFile section */
		67A69E962B4B47D40068D343 /* AppDelegate.swift in Sources */ = {isa = PBXBuildFile; fileRef = 67A69E952B4B47D40068D343 /* AppDelegate.swift */; };
		67A69E982B4B47D40068D343 /* SceneDelegate.swift in Sources */ = {isa = PBXBuildFile; fileRef = 67A69E972B4B47D40068D343 /* SceneDelegate.swift */; };
		67A69E9A2B4B47D40068D343 /* ViewController.swift in Sources */ = {isa = PBXBuildFile; fileRef = 67A69E992B4B47D40068D343 /* ViewController.swift */; };
		67A69E9D2B4B47D40068D343 /* Main.storyboard in Resources */ = {isa = PBXBuildFile; fileRef = 67A69E9B2B4B47D40068D343 /* Main.storyboard */; };
		67A69E9F2B4B47D80068D343 /* Assets.xcassets in Resources */ = {isa = PBXBuildFile; fileRef = 67A69E9E2B4B47D80068D343 /* Assets.xcassets */; };
		67A69EA22B4B47D80068D343 /* LaunchScreen.storyboard in Resources */ = {isa = PBXBuildFile; fileRef = 67A69EA02B4B47D80068D343 /* LaunchScreen.storyboard */; };
		67A69EAB2B4B49030068D343 /* MyTableViewCell.swift in Sources */ = {isa = PBXBuildFile; fileRef = 67A69EA92B4B49030068D343 /* MyTableViewCell.swift */; };
		67A69EAC2B4B49030068D343 /* MyTableViewCell.xib in Resources */ = {isa = PBXBuildFile; fileRef = 67A69EAA2B4B49030068D343 /* MyTableViewCell.xib */; };
/* End PBXBuildFile section */

/* Begin PBXFileReference section */
		67A69E922B4B47D40068D343 /* PicsCollection_TableViewPractice.app */ = {isa = PBXFileReference; explicitFileType = wrapper.application; includeInIndex = 0; path = PicsCollection_TableViewPractice.app; sourceTree = BUILT_PRODUCTS_DIR; };
		67A69E952B4B47D40068D343 /* AppDelegate.swift */ = {isa = PBXFileReference; lastKnownFileType = sourcecode.swift; path = AppDelegate.swift; sourceTree = "<group>"; };
		67A69E972B4B47D40068D343 /* SceneDelegate.swift */ = {isa = PBXFileReference; lastKnownFileType = sourcecode.swift; path = SceneDelegate.swift; sourceTree = "<group>"; };
		67A69E992B4B47D40068D343 /* ViewController.swift */ = {isa = PBXFileReference; lastKnownFileType = sourcecode.swift; path = ViewController.swift; sourceTree = "<group>"; };
		67A69E9C2B4B47D40068D343 /* Base */ = {isa = PBXFileReference; lastKnownFileType = file.storyboard; name = Base; path = Base.lproj/Main.storyboard; sourceTree = "<group>"; };
		67A69E9E2B4B47D80068D343 /* Assets.xcassets */ = {isa = PBXFileReference; lastKnownFileType = folder.assetcatalog; path = Assets.xcassets; sourceTree = "<group>"; };
		67A69EA12B4B47D80068D343 /* Base */ = {isa = PBXFileReference; lastKnownFileType = file.storyboard; name = Base; path = Base.lproj/LaunchScreen.storyboard; sourceTree = "<group>"; };
		67A69EA32B4B47D80068D343 /* Info.plist */ = {isa = PBXFileReference; lastKnownFileType = text.plist.xml; path = Info.plist; sourceTree = "<group>"; };
		67A69EA92B4B49030068D343 /* MyTableViewCell.swift */ = {isa = PBXFileReference; lastKnownFileType = sourcecode.swift; path = MyTableViewCell.swift; sourceTree = "<group>"; };
		67A69EAA2B4B49030068D343 /* MyTableViewCell.xib */ = {isa = PBXFileReference; lastKnownFileType = file.xib; path = MyTableViewCell.xib; sourceTree = "<group>"; };
/* End PBXFileReference section */

/* Begin PBXFrameworksBuildPhase section */
		67A69E8F2B4B47D40068D343 /* Frameworks */ = {
			isa = PBXFrameworksBuildPhase;
			buildActionMask = 2147483647;
			files = (
			);
			runOnlyForDeploymentPostprocessing = 0;
		};
/* End PBXFrameworksBuildPhase section */

/* Begin PBXGroup section */
		67A69E892B4B47D40068D343 = {
			isa = PBXGroup;
			children = (
				67A69E942B4B47D40068D343 /* PicsCollection_TableViewPractice */,
				67A69E932B4B47D40068D343 /* Products */,
			);
			sourceTree = "<group>";
		};
		67A69E932B4B47D40068D343 /* Products */ = {
			isa = PBXGroup;
			children = (
				67A69E922B4B47D40068D343 /* PicsCollection_TableViewPractice.app */,
			);
			name = Products;
			sourceTree = "<group>";
		};
		67A69E942B4B47D40068D343 /* PicsCollection_TableViewPractice */ = {
			isa = PBXGroup;
			children = (
				67C5A0962B5C93880033DEA6 /* ViewControllers */,
				67C5A0972B5C93980033DEA6 /* Storyboards */,
				67C5A0982B5C93AE0033DEA6 /* CellConfiguration */,
				67C5A0952B5C936A0033DEA6 /* Resources */,
				67C5A0942B5C93590033DEA6 /* App */,
				67A69EA02B4B47D80068D343 /* LaunchScreen.storyboard */,
				67A69EA32B4B47D80068D343 /* Info.plist */,
			);
			path = PicsCollection_TableViewPractice;
			sourceTree = "<group>";
		};
		67C5A0942B5C93590033DEA6 /* App */ = {
			isa = PBXGroup;
			children = (
				67A69E952B4B47D40068D343 /* AppDelegate.swift */,
				67A69E972B4B47D40068D343 /* SceneDelegate.swift */,
			);
			path = App;
			sourceTree = "<group>";
		};
		67C5A0952B5C936A0033DEA6 /* Resources */ = {
			isa = PBXGroup;
			children = (
				67A69E9E2B4B47D80068D343 /* Assets.xcassets */,
			);
			path = Resources;
			sourceTree = "<group>";
		};
		67C5A0962B5C93880033DEA6 /* ViewControllers */ = {
			isa = PBXGroup;
			children = (
				67A69E992B4B47D40068D343 /* ViewController.swift */,
			);
			path = ViewControllers;
			sourceTree = "<group>";
		};
		67C5A0972B5C93980033DEA6 /* Storyboards */ = {
			isa = PBXGroup;
			children = (
				67A69E9B2B4B47D40068D343 /* Main.storyboard */,
			);
			path = Storyboards;
			sourceTree = "<group>";
		};
		67C5A0982B5C93AE0033DEA6 /* CellConfiguration */ = {
			isa = PBXGroup;
			children = (
				67A69EA92B4B49030068D343 /* MyTableViewCell.swift */,
				67A69EAA2B4B49030068D343 /* MyTableViewCell.xib */,
			);
			path = CellConfiguration;
			sourceTree = "<group>";
		};
/* End PBXGroup section */

/* Begin PBXNativeTarget section */
		67A69E912B4B47D40068D343 /* PicsCollection_TableViewPractice */ = {
			isa = PBXNativeTarget;
			buildConfigurationList = 67A69EA62B4B47D80068D343 /* Build configuration list for PBXNativeTarget "PicsCollection_TableViewPractice" */;
			buildPhases = (
				67A69E8E2B4B47D40068D343 /* Sources */,
				67A69E8F2B4B47D40068D343 /* Frameworks */,
				67A69E902B4B47D40068D343 /* Resources */,
			);
			buildRules = (
			);
			dependencies = (
			);
			name = PicsCollection_TableViewPractice;
			productName = PicsCollection_TableViewPractice;
			productReference = 67A69E922B4B47D40068D343 /* PicsCollection_TableViewPractice.app */;
			productType = "com.apple.product-type.application";
		};
/* End PBXNativeTarget section */

/* Begin PBXProject section */
		67A69E8A2B4B47D40068D343 /* Project object */ = {
			isa = PBXProject;
			attributes = {
				BuildIndependentTargetsInParallel = 1;
				LastSwiftUpdateCheck = 1500;
				LastUpgradeCheck = 1500;
				TargetAttributes = {
					67A69E912B4B47D40068D343 = {
						CreatedOnToolsVersion = 15.0.1;
					};
				};
			};
			buildConfigurationList = 67A69E8D2B4B47D40068D343 /* Build configuration list for PBXProject "PicsCollection_TableViewPractice" */;
			compatibilityVersion = "Xcode 14.0";
			developmentRegion = en;
			hasScannedForEncodings = 0;
			knownRegions = (
				en,
				Base,
			);
			mainGroup = 67A69E892B4B47D40068D343;
			productRefGroup = 67A69E932B4B47D40068D343 /* Products */;
			projectDirPath = "";
			projectRoot = "";
			targets = (
				67A69E912B4B47D40068D343 /* PicsCollection_TableViewPractice */,
			);
		};
/* End PBXProject section */

/* Begin PBXResourcesBuildPhase section */
		67A69E902B4B47D40068D343 /* Resources */ = {
			isa = PBXResourcesBuildPhase;
			buildActionMask = 2147483647;
			files = (
				67A69EA22B4B47D80068D343 /* LaunchScreen.storyboard in Resources */,
				67A69EAC2B4B49030068D343 /* MyTableViewCell.xib in Resources */,
				67A69E9F2B4B47D80068D343 /* Assets.xcassets in Resources */,
				67A69E9D2B4B47D40068D343 /* Main.storyboard in Resources */,
			);
			runOnlyForDeploymentPostprocessing = 0;
		};
/* End PBXResourcesBuildPhase section */

/* Begin PBXSourcesBuildPhase section */
		67A69E8E2B4B47D40068D343 /* Sources */ = {
			isa = PBXSourcesBuildPhase;
			buildActionMask = 2147483647;
			files = (
				67A69E9A2B4B47D40068D343 /* ViewController.swift in Sources */,
				67A69EAB2B4B49030068D343 /* MyTableViewCell.swift in Sources */,
				67A69E962B4B47D40068D343 /* AppDelegate.swift in Sources */,
				67A69E982B4B47D40068D343 /* SceneDelegate.swift in Sources */,
			);
			runOnlyForDeploymentPostprocessing = 0;
		};
/* End PBXSourcesBuildPhase section */

/* Begin PBXVariantGroup section */
		67A69E9B2B4B47D40068D343 /* Main.storyboard */ = {
			isa = PBXVariantGroup;
			children = (
				67A69E9C2B4B47D40068D343 /* Base */,
			);
			name = Main.storyboard;
			sourceTree = "<group>";
		};
		67A69EA02B4B47D80068D343 /* LaunchScreen.storyboard */ = {
			isa = PBXVariantGroup;
			children = (
				67A69EA12B4B47D80068D343 /* Base */,
			);
			name = LaunchScreen.storyboard;
			sourceTree = "<group>";
		};
/* End PBXVariantGroup section */

/* Begin XCBuildConfiguration section */
		67A69EA42B4B47D80068D343 /* Debug */ = {
			isa = XCBuildConfiguration;
			buildSettings = {
				ALWAYS_SEARCH_USER_PATHS = NO;
				ASSETCATALOG_COMPILER_GENERATE_SWIFT_ASSET_SYMBOL_EXTENSIONS = YES;
				CLANG_ANALYZER_NONNULL = YES;
				CLANG_ANALYZER_NUMBER_OBJECT_CONVERSION = YES_AGGRESSIVE;
				CLANG_CXX_LANGUAGE_STANDARD = "gnu++20";
				CLANG_ENABLE_MODULES = YES;
				CLANG_ENABLE_OBJC_ARC = YES;
				CLANG_ENABLE_OBJC_WEAK = YES;
				CLANG_WARN_BLOCK_CAPTURE_AUTORELEASING = YES;
				CLANG_WARN_BOOL_CONVERSION = YES;
				CLANG_WARN_COMMA = YES;
				CLANG_WARN_CONSTANT_CONVERSION = YES;
				CLANG_WARN_DEPRECATED_OBJC_IMPLEMENTATIONS = YES;
				CLANG_WARN_DIRECT_OBJC_ISA_USAGE = YES_ERROR;
				CLANG_WARN_DOCUMENTATION_COMMENTS = YES;
				CLANG_WARN_EMPTY_BODY = YES;
				CLANG_WARN_ENUM_CONVERSION = YES;
				CLANG_WARN_INFINITE_RECURSION = YES;
				CLANG_WARN_INT_CONVERSION = YES;
				CLANG_WARN_NON_LITERAL_NULL_CONVERSION = YES;
				CLANG_WARN_OBJC_IMPLICIT_RETAIN_SELF = YES;
				CLANG_WARN_OBJC_LITERAL_CONVERSION = YES;
				CLANG_WARN_OBJC_ROOT_CLASS = YES_ERROR;
				CLANG_WARN_QUOTED_INCLUDE_IN_FRAMEWORK_HEADER = YES;
				CLANG_WARN_RANGE_LOOP_ANALYSIS = YES;
				CLANG_WARN_STRICT_PROTOTYPES = YES;
				CLANG_WARN_SUSPICIOUS_MOVE = YES;
				CLANG_WARN_UNGUARDED_AVAILABILITY = YES_AGGRESSIVE;
				CLANG_WARN_UNREACHABLE_CODE = YES;
				CLANG_WARN__DUPLICATE_METHOD_MATCH = YES;
				COPY_PHASE_STRIP = NO;
				DEBUG_INFORMATION_FORMAT = dwarf;
				ENABLE_STRICT_OBJC_MSGSEND = YES;
				ENABLE_TESTABILITY = YES;
				ENABLE_USER_SCRIPT_SANDBOXING = YES;
				GCC_C_LANGUAGE_STANDARD = gnu17;
				GCC_DYNAMIC_NO_PIC = NO;
				GCC_NO_COMMON_BLOCKS = YES;
				GCC_OPTIMIZATION_LEVEL = 0;
				GCC_PREPROCESSOR_DEFINITIONS = (
					"DEBUG=1",
					"$(inherited)",
				);
				GCC_WARN_64_TO_32_BIT_CONVERSION = YES;
				GCC_WARN_ABOUT_RETURN_TYPE = YES_ERROR;
				GCC_WARN_UNDECLARED_SELECTOR = YES;
				GCC_WARN_UNINITIALIZED_AUTOS = YES_AGGRESSIVE;
				GCC_WARN_UNUSED_FUNCTION = YES;
				GCC_WARN_UNUSED_VARIABLE = YES;
				IPHONEOS_DEPLOYMENT_TARGET = 17.0;
				LOCALIZATION_PREFERS_STRING_CATALOGS = YES;
				MTL_ENABLE_DEBUG_INFO = INCLUDE_SOURCE;
				MTL_FAST_MATH = YES;
				ONLY_ACTIVE_ARCH = YES;
				SDKROOT = iphoneos;
				SWIFT_ACTIVE_COMPILATION_CONDITIONS = "DEBUG $(inherited)";
				SWIFT_OPTIMIZATION_LEVEL = "-Onone";
			};
			name = Debug;
		};
		67A69EA52B4B47D80068D343 /* Release */ = {
			isa = XCBuildConfiguration;
			buildSettings = {
				ALWAYS_SEARCH_USER_PATHS = NO;
				ASSETCATALOG_COMPILER_GENERATE_SWIFT_ASSET_SYMBOL_EXTENSIONS = YES;
				CLANG_ANALYZER_NONNULL = YES;
				CLANG_ANALYZER_NUMBER_OBJECT_CONVERSION = YES_AGGRESSIVE;
				CLANG_CXX_LANGUAGE_STANDARD = "gnu++20";
				CLANG_ENABLE_MODULES = YES;
				CLANG_ENABLE_OBJC_ARC = YES;
				CLANG_ENABLE_OBJC_WEAK = YES;
				CLANG_WARN_BLOCK_CAPTURE_AUTORELEASING = YES;
				CLANG_WARN_BOOL_CONVERSION = YES;
				CLANG_WARN_COMMA = YES;
				CLANG_WARN_CONSTANT_CONVERSION = YES;
				CLANG_WARN_DEPRECATED_OBJC_IMPLEMENTATIONS = YES;
				CLANG_WARN_DIRECT_OBJC_ISA_USAGE = YES_ERROR;
				CLANG_WARN_DOCUMENTATION_COMMENTS = YES;
				CLANG_WARN_EMPTY_BODY = YES;
				CLANG_WARN_ENUM_CONVERSION = YES;
				CLANG_WARN_INFINITE_RECURSION = YES;
				CLANG_WARN_INT_CONVERSION = YES;
				CLANG_WARN_NON_LITERAL_NULL_CONVERSION = YES;
				CLANG_WARN_OBJC_IMPLICIT_RETAIN_SELF = YES;
				CLANG_WARN_OBJC_LITERAL_CONVERSION = YES;
				CLANG_WARN_OBJC_ROOT_CLASS = YES_ERROR;
				CLANG_WARN_QUOTED_INCLUDE_IN_FRAMEWORK_HEADER = YES;
				CLANG_WARN_RANGE_LOOP_ANALYSIS = YES;
				CLANG_WARN_STRICT_PROTOTYPES = YES;
				CLANG_WARN_SUSPICIOUS_MOVE = YES;
				CLANG_WARN_UNGUARDED_AVAILABILITY = YES_AGGRESSIVE;
				CLANG_WARN_UNREACHABLE_CODE = YES;
				CLANG_WARN__DUPLICATE_METHOD_MATCH = YES;
				COPY_PHASE_STRIP = NO;
				DEBUG_INFORMATION_FORMAT = "dwarf-with-dsym";
				ENABLE_NS_ASSERTIONS = NO;
				ENABLE_STRICT_OBJC_MSGSEND = YES;
				ENABLE_USER_SCRIPT_SANDBOXING = YES;
				GCC_C_LANGUAGE_STANDARD = gnu17;
				GCC_NO_COMMON_BLOCKS = YES;
				GCC_WARN_64_TO_32_BIT_CONVERSION = YES;
				GCC_WARN_ABOUT_RETURN_TYPE = YES_ERROR;
				GCC_WARN_UNDECLARED_SELECTOR = YES;
				GCC_WARN_UNINITIALIZED_AUTOS = YES_AGGRESSIVE;
				GCC_WARN_UNUSED_FUNCTION = YES;
				GCC_WARN_UNUSED_VARIABLE = YES;
				IPHONEOS_DEPLOYMENT_TARGET = 17.0;
				LOCALIZATION_PREFERS_STRING_CATALOGS = YES;
				MTL_ENABLE_DEBUG_INFO = NO;
				MTL_FAST_MATH = YES;
				SDKROOT = iphoneos;
				SWIFT_COMPILATION_MODE = wholemodule;
				VALIDATE_PRODUCT = YES;
			};
			name = Release;
		};
		67A69EA72B4B47D80068D343 /* Debug */ = {
			isa = XCBuildConfiguration;
			buildSettings = {
				ASSETCATALOG_COMPILER_APPICON_NAME = AppIcon;
				ASSETCATALOG_COMPILER_GLOBAL_ACCENT_COLOR_NAME = AccentColor;
				CODE_SIGN_STYLE = Automatic;
				CURRENT_PROJECT_VERSION = 1;
				GENERATE_INFOPLIST_FILE = YES;
				INFOPLIST_FILE = PicsCollection_TableViewPractice/Info.plist;
				INFOPLIST_KEY_UIApplicationSupportsIndirectInputEvents = YES;
				INFOPLIST_KEY_UILaunchStoryboardName = LaunchScreen;
				INFOPLIST_KEY_UIMainStoryboardFile = Main;
				INFOPLIST_KEY_UISupportedInterfaceOrientations = UIInterfaceOrientationPortrait;
				INFOPLIST_KEY_UISupportedInterfaceOrientations_iPad = "UIInterfaceOrientationLandscapeLeft UIInterfaceOrientationLandscapeRight UIInterfaceOrientationPortrait UIInterfaceOrientationPortraitUpsideDown";
				IPHONEOS_DEPLOYMENT_TARGET = 15.0;
				LD_RUNPATH_SEARCH_PATHS = (
					"$(inherited)",
					"@executable_path/Frameworks",
				);
				MARKETING_VERSION = 1.0;
				PRODUCT_BUNDLE_IDENTIFIER = "Pecherskaya.PicsCollection-TableViewPractice";
				PRODUCT_NAME = "$(TARGET_NAME)";
				SUPPORTED_PLATFORMS = "iphoneos iphonesimulator";
				SUPPORTS_MACCATALYST = NO;
				SUPPORTS_MAC_DESIGNED_FOR_IPHONE_IPAD = NO;
				SWIFT_EMIT_LOC_STRINGS = YES;
				SWIFT_VERSION = 5.0;
				TARGETED_DEVICE_FAMILY = 1;
			};
			name = Debug;
		};
		67A69EA82B4B47D80068D343 /* Release */ = {
			isa = XCBuildConfiguration;
			buildSettings = {
				ASSETCATALOG_COMPILER_APPICON_NAME = AppIcon;
				ASSETCATALOG_COMPILER_GLOBAL_ACCENT_COLOR_NAME = AccentColor;
				CODE_SIGN_STYLE = Automatic;
				CURRENT_PROJECT_VERSION = 1;
				GENERATE_INFOPLIST_FILE = YES;
				INFOPLIST_FILE = PicsCollection_TableViewPractice/Info.plist;
				INFOPLIST_KEY_UIApplicationSupportsIndirectInputEvents = YES;
				INFOPLIST_KEY_UILaunchStoryboardName = LaunchScreen;
				INFOPLIST_KEY_UIMainStoryboardFile = Main;
				INFOPLIST_KEY_UISupportedInterfaceOrientations = UIInterfaceOrientationPortrait;
				INFOPLIST_KEY_UISupportedInterfaceOrientations_iPad = "UIInterfaceOrientationLandscapeLeft UIInterfaceOrientationLandscapeRight UIInterfaceOrientationPortrait UIInterfaceOrientationPortraitUpsideDown";
				IPHONEOS_DEPLOYMENT_TARGET = 15.0;
				LD_RUNPATH_SEARCH_PATHS = (
					"$(inherited)",
					"@executable_path/Frameworks",
				);
				MARKETING_VERSION = 1.0;
				PRODUCT_BUNDLE_IDENTIFIER = "Pecherskaya.PicsCollection-TableViewPractice";
				PRODUCT_NAME = "$(TARGET_NAME)";
				SUPPORTED_PLATFORMS = "iphoneos iphonesimulator";
				SUPPORTS_MACCATALYST = NO;
				SUPPORTS_MAC_DESIGNED_FOR_IPHONE_IPAD = NO;
				SWIFT_EMIT_LOC_STRINGS = YES;
				SWIFT_VERSION = 5.0;
				TARGETED_DEVICE_FAMILY = 1;
			};
			name = Release;
		};
/* End XCBuildConfiguration section */

/* Begin XCConfigurationList section */
		67A69E8D2B4B47D40068D343 /* Build configuration list for PBXProject "PicsCollection_TableViewPractice" */ = {
			isa = XCConfigurationList;
			buildConfigurations = (
				67A69EA42B4B47D80068D343 /* Debug */,
				67A69EA52B4B47D80068D343 /* Release */,
			);
			defaultConfigurationIsVisible = 0;
			defaultConfigurationName = Release;
		};
		67A69EA62B4B47D80068D343 /* Build configuration list for PBXNativeTarget "PicsCollection_TableViewPractice" */ = {
			isa = XCConfigurationList;
			buildConfigurations = (
				67A69EA72B4B47D80068D343 /* Debug */,
				67A69EA82B4B47D80068D343 /* Release */,
			);
			defaultConfigurationIsVisible = 0;
			defaultConfigurationName = Release;
		};
/* End XCConfigurationList section */
	};
	rootObject = 67A69E8A2B4B47D40068D343 /* Project object */;
}
